
Microsoft Visual Studio Solution File, Format Version 12.00
# Visual Studio Version 17
VisualStudioVersion = 17.13.35919.96 d17.13
MinimumVisualStudioVersion = 10.0.40219.1
Project("{FAE04EC0-301F-11D3-BF4B-00C04F79EFBC}") = "LinePress", "LinePress.csproj", "{CE5F50B2-BADA-496F-B4DB-EB216DAC5734}"
EndProject
Global
	GlobalSection(SolutionConfigurationPlatforms) = preSolution
		Debug|Any CPU = Debug|Any CPU
		Release|Any CPU = Release|Any CPU
	EndGlobalSection
	GlobalSection(ProjectConfigurationPlatforms) = postSolution
		{CE5F50B2-BADA-496F-B4DB-EB216DAC5734}.Debug|Any CPU.ActiveCfg = Debug|Any CPU
		{CE5F50B2-BADA-496F-B4DB-EB216DAC5734}.Debug|Any CPU.Build.0 = Debug|Any CPU
		{CE5F50B2-BADA-496F-B4DB-EB216DAC5734}.Release|Any CPU.ActiveCfg = Release|Any CPU
		{CE5F50B2-BADA-496F-B4DB-EB216DAC5734}.Release|Any CPU.Build.0 = Release|Any CPU
	EndGlobalSection
	GlobalSection(SolutionProperties) = preSolution
		HideSolutionNode = FALSE
	EndGlobalSection
	GlobalSection(ExtensibilityGlobals) = postSolution
		SolutionGuid = {92AA09AC-FD2B-4CC0-AEBD-177D0455E77E}
	EndGlobalSection
EndGlobal
